
Microsoft Visual Studio Solution File, Format Version 12.00
# Visual Studio Version 17
VisualStudioVersion = 17.5.33502.453
MinimumVisualStudioVersion = 10.0.40219.1
Project("{8BC9CEB8-8B4A-11D0-8D11-00A0C91BC942}") = "kurdistan", "kurdistan\kurdistan.vcxproj", "{E928A6AB-FC2F-4D8A-B4B3-48247D91E95F}"
EndProject
Global
	GlobalSection(SolutionConfigurationPlatforms) = preSolution
		Debug|x64 = Debug|x64
		Debug|x86 = Debug|x86
		Release|x64 = Release|x64
		Release|x86 = Release|x86
	EndGlobalSection
	GlobalSection(ProjectConfigurationPlatforms) = postSolution
		{E928A6AB-FC2F-4D8A-B4B3-48247D91E95F}.Debug|x64.ActiveCfg = Debug|x64
		{E928A6AB-FC2F-4D8A-B4B3-48247D91E95F}.Debug|x64.Build.0 = Debug|x64
		{E928A6AB-FC2F-4D8A-B4B3-48247D91E95F}.Debug|x86.ActiveCfg = Debug|Win32
		{E928A6AB-FC2F-4D8A-B4B3-48247D91E95F}.Debug|x86.Build.0 = Debug|Win32
		{E928A6AB-FC2F-4D8A-B4B3-48247D91E95F}.Release|x64.ActiveCfg = Release|x64
		{E928A6AB-FC2F-4D8A-B4B3-48247D91E95F}.Release|x64.Build.0 = Release|x64
		{E928A6AB-FC2F-4D8A-B4B3-48247D91E95F}.Release|x86.ActiveCfg = Release|Win32
		{E928A6AB-FC2F-4D8A-B4B3-48247D91E95F}.Release|x86.Build.0 = Release|Win32
	EndGlobalSection
	GlobalSection(SolutionProperties) = preSolution
		HideSolutionNode = FALSE
	EndGlobalSection
	GlobalSection(ExtensibilityGlobals) = postSolution
		SolutionGuid = {426E1D8F-83C3-49D6-B1F2-8A318CEE9DA5}
	EndGlobalSection
EndGlobal
